
Microsoft Visual Studio Solution File, Format Version 12.00
# Visual Studio Version 17
VisualStudioVersion = 17.3.32825.248
MinimumVisualStudioVersion = 10.0.40219.1
Project("{FAE04EC0-301F-11D3-BF4B-00C04F79EFBC}") = "VKR.API", "VKR.API\VKR.API.csproj", "{527344CE-2B7F-4FC8-8335-F9C99E2E874D}"
EndProject
Global
	GlobalSection(SolutionConfigurationPlatforms) = preSolution
		Debug|Any CPU = Debug|Any CPU
		Release|Any CPU = Release|Any CPU
	EndGlobalSection
	GlobalSection(ProjectConfigurationPlatforms) = postSolution
		{527344CE-2B7F-4FC8-8335-F9C99E2E874D}.Debug|Any CPU.ActiveCfg = Debug|Any CPU
		{527344CE-2B7F-4FC8-8335-F9C99E2E874D}.Debug|Any CPU.Build.0 = Debug|Any CPU
		{527344CE-2B7F-4FC8-8335-F9C99E2E874D}.Release|Any CPU.ActiveCfg = Release|Any CPU
		{527344CE-2B7F-4FC8-8335-F9C99E2E874D}.Release|Any CPU.Build.0 = Release|Any CPU
	EndGlobalSection
	GlobalSection(SolutionProperties) = preSolution
		HideSolutionNode = FALSE
	EndGlobalSection
	GlobalSection(ExtensibilityGlobals) = postSolution
		SolutionGuid = {EEE0AD56-1A10-4F06-B399-E5308DC0244E}
	EndGlobalSection
EndGlobal
